
Microsoft Visual Studio Solution File, Format Version 12.00
# Visual Studio Version 17
VisualStudioVersion = 17.1.32328.378
MinimumVisualStudioVersion = 10.0.40219.1
Project("{9A19103F-16F7-4668-BE54-9A1E7A4F7556}") = "CinematicUnityExplorer", "CinematicUnityExplorer.csproj", "{B21DBDE3-5D6F-4726-93AB-CC3CC68BAE7D}"
	ProjectSection(ProjectDependencies) = postProject
		{676E7EC4-E40E-4D59-9587-2E2CD04BC562} = {676E7EC4-E40E-4D59-9587-2E2CD04BC562}
	EndProjectSection
EndProject
Project("{8BC9CEB8-8B4A-11D0-8D11-00A0C91BC942}") = "UnityIGCSConnector", "..\UnityIGCSConnector\UnityIGCSConnector.vcxproj", "{676E7EC4-E40E-4D59-9587-2E2CD04BC562}"
EndProject
Global
	GlobalSection(SolutionConfigurationPlatforms) = preSolution
		Debug|Any CPU = Debug|Any CPU
		Debug|x64 = Debug|x64
		Debug|x86 = Debug|x86
		Release_BIE_CoreCLR|Any CPU = Release_BIE_CoreCLR|Any CPU
		Release_BIE_CoreCLR|x64 = Release_BIE_CoreCLR|x64
		Release_BIE_CoreCLR|x86 = Release_BIE_CoreCLR|x86
		Release_BIE_Cpp|Any CPU = Release_BIE_Cpp|Any CPU
		Release_BIE_Cpp|x64 = Release_BIE_Cpp|x64
		Release_BIE_Cpp|x86 = Release_BIE_Cpp|x86
		Release_BIE_Unity_Cpp|Any CPU = Release_BIE_Unity_Cpp|Any CPU
		Release_BIE_Unity_Cpp|x64 = Release_BIE_Unity_Cpp|x64
		Release_BIE_Unity_Cpp|x86 = Release_BIE_Unity_Cpp|x86
		Release_BIE5_Mono|Any CPU = Release_BIE5_Mono|Any CPU
		Release_BIE5_Mono|x64 = Release_BIE5_Mono|x64
		Release_BIE5_Mono|x86 = Release_BIE5_Mono|x86
		Release_BIE6_Mono|Any CPU = Release_BIE6_Mono|Any CPU
		Release_BIE6_Mono|x64 = Release_BIE6_Mono|x64
		Release_BIE6_Mono|x86 = Release_BIE6_Mono|x86
		Release_BIE6_Unity_Mono|Any CPU = Release_BIE6_Unity_Mono|Any CPU
		Release_BIE6_Unity_Mono|x64 = Release_BIE6_Unity_Mono|x64
		Release_BIE6_Unity_Mono|x86 = Release_BIE6_Unity_Mono|x86
		Release_ML_Cpp_CoreCLR|Any CPU = Release_ML_Cpp_CoreCLR|Any CPU
		Release_ML_Cpp_CoreCLR|x64 = Release_ML_Cpp_CoreCLR|x64
		Release_ML_Cpp_CoreCLR|x86 = Release_ML_Cpp_CoreCLR|x86
		Release_ML_Cpp_net472|Any CPU = Release_ML_Cpp_net472|Any CPU
		Release_ML_Cpp_net472|x64 = Release_ML_Cpp_net472|x64
		Release_ML_Cpp_net472|x86 = Release_ML_Cpp_net472|x86
		Release_ML_Cpp_net6preview|Any CPU = Release_ML_Cpp_net6preview|Any CPU
		Release_ML_Cpp_net6preview|x64 = Release_ML_Cpp_net6preview|x64
		Release_ML_Cpp_net6preview|x86 = Release_ML_Cpp_net6preview|x86
		Release_ML_Mono|Any CPU = Release_ML_Mono|Any CPU
		Release_ML_Mono|x64 = Release_ML_Mono|x64
		Release_ML_Mono|x86 = Release_ML_Mono|x86
		Release_STANDALONE_Cpp|Any CPU = Release_STANDALONE_Cpp|Any CPU
		Release_STANDALONE_Cpp|x64 = Release_STANDALONE_Cpp|x64
		Release_STANDALONE_Cpp|x86 = Release_STANDALONE_Cpp|x86
		Release_STANDALONE_Mono|Any CPU = Release_STANDALONE_Mono|Any CPU
		Release_STANDALONE_Mono|x64 = Release_STANDALONE_Mono|x64
		Release_STANDALONE_Mono|x86 = Release_STANDALONE_Mono|x86
		Release|Any CPU = Release|Any CPU
		Release|x64 = Release|x64
		Release|x86 = Release|x86
	EndGlobalSection
	GlobalSection(ProjectConfigurationPlatforms) = postSolution
		{B21DBDE3-5D6F-4726-93AB-CC3CC68BAE7D}.Debug|Any CPU.ActiveCfg = STANDALONE_Mono|Any CPU
		{B21DBDE3-5D6F-4726-93AB-CC3CC68BAE7D}.Debug|Any CPU.Build.0 = STANDALONE_Mono|Any CPU
		{B21DBDE3-5D6F-4726-93AB-CC3CC68BAE7D}.Debug|x64.ActiveCfg = STANDALONE_Mono|Any CPU
		{B21DBDE3-5D6F-4726-93AB-CC3CC68BAE7D}.Debug|x64.Build.0 = STANDALONE_Mono|Any CPU
		{B21DBDE3-5D6F-4726-93AB-CC3CC68BAE7D}.Debug|x86.ActiveCfg = STANDALONE_Mono|Any CPU
		{B21DBDE3-5D6F-4726-93AB-CC3CC68BAE7D}.Debug|x86.Build.0 = STANDALONE_Mono|Any CPU
		{B21DBDE3-5D6F-4726-93AB-CC3CC68BAE7D}.Release_BIE_CoreCLR|Any CPU.ActiveCfg = BIE_Cpp_CoreCLR|Any CPU
		{B21DBDE3-5D6F-4726-93AB-CC3CC68BAE7D}.Release_BIE_CoreCLR|Any CPU.Build.0 = BIE_Cpp_CoreCLR|Any CPU
		{B21DBDE3-5D6F-4726-93AB-CC3CC68BAE7D}.Release_BIE_CoreCLR|x64.ActiveCfg = STANDALONE_Mono|Any CPU
		{B21DBDE3-5D6F-4726-93AB-CC3CC68BAE7D}.Release_BIE_CoreCLR|x64.Build.0 = STANDALONE_Mono|Any CPU
		{B21DBDE3-5D6F-4726-93AB-CC3CC68BAE7D}.Release_BIE_CoreCLR|x86.ActiveCfg = STANDALONE_Mono|Any CPU
		{B21DBDE3-5D6F-4726-93AB-CC3CC68BAE7D}.Release_BIE_CoreCLR|x86.Build.0 = STANDALONE_Mono|Any CPU
		{B21DBDE3-5D6F-4726-93AB-CC3CC68BAE7D}.Release_BIE_Cpp|Any CPU.ActiveCfg = BIE_Cpp|Any CPU
		{B21DBDE3-5D6F-4726-93AB-CC3CC68BAE7D}.Release_BIE_Cpp|Any CPU.Build.0 = BIE_Cpp|Any CPU
		{B21DBDE3-5D6F-4726-93AB-CC3CC68BAE7D}.Release_BIE_Cpp|x64.ActiveCfg = BIE_Cpp|Any CPU
		{B21DBDE3-5D6F-4726-93AB-CC3CC68BAE7D}.Release_BIE_Cpp|x64.Build.0 = BIE_Cpp|Any CPU
		{B21DBDE3-5D6F-4726-93AB-CC3CC68BAE7D}.Release_BIE_Cpp|x86.ActiveCfg = BIE_Cpp|Any CPU
		{B21DBDE3-5D6F-4726-93AB-CC3CC68BAE7D}.Release_BIE_Cpp|x86.Build.0 = BIE_Cpp|Any CPU
		{B21DBDE3-5D6F-4726-93AB-CC3CC68BAE7D}.Release_BIE_Unity_Cpp|Any CPU.ActiveCfg = BIE_Unity_Cpp_CoreCLR|Any CPU
		{B21DBDE3-5D6F-4726-93AB-CC3CC68BAE7D}.Release_BIE_Unity_Cpp|Any CPU.Build.0 = BIE_Unity_Cpp_CoreCLR|Any CPU
		{B21DBDE3-5D6F-4726-93AB-CC3CC68BAE7D}.Release_BIE_Unity_Cpp|x64.ActiveCfg = STANDALONE_Mono|Any CPU
		{B21DBDE3-5D6F-4726-93AB-CC3CC68BAE7D}.Release_BIE_Unity_Cpp|x64.Build.0 = STANDALONE_Mono|Any CPU
		{B21DBDE3-5D6F-4726-93AB-CC3CC68BAE7D}.Release_BIE_Unity_Cpp|x86.ActiveCfg = STANDALONE_Mono|Any CPU
		{B21DBDE3-5D6F-4726-93AB-CC3CC68BAE7D}.Release_BIE_Unity_Cpp|x86.Build.0 = STANDALONE_Mono|Any CPU
		{B21DBDE3-5D6F-4726-93AB-CC3CC68BAE7D}.Release_BIE5_Mono|Any CPU.ActiveCfg = BIE5_Mono|Any CPU
		{B21DBDE3-5D6F-4726-93AB-CC3CC68BAE7D}.Release_BIE5_Mono|Any CPU.Build.0 = BIE5_Mono|Any CPU
		{B21DBDE3-5D6F-4726-93AB-CC3CC68BAE7D}.Release_BIE5_Mono|x64.ActiveCfg = BIE5_Mono|Any CPU
		{B21DBDE3-5D6F-4726-93AB-CC3CC68BAE7D}.Release_BIE5_Mono|x64.Build.0 = BIE5_Mono|Any CPU
		{B21DBDE3-5D6F-4726-93AB-CC3CC68BAE7D}.Release_BIE5_Mono|x86.ActiveCfg = BIE5_Mono|Any CPU
		{B21DBDE3-5D6F-4726-93AB-CC3CC68BAE7D}.Release_BIE5_Mono|x86.Build.0 = BIE5_Mono|Any CPU
		{B21DBDE3-5D6F-4726-93AB-CC3CC68BAE7D}.Release_BIE6_Mono|Any CPU.ActiveCfg = BIE6_Mono|Any CPU
		{B21DBDE3-5D6F-4726-93AB-CC3CC68BAE7D}.Release_BIE6_Mono|Any CPU.Build.0 = BIE6_Mono|Any CPU
		{B21DBDE3-5D6F-4726-93AB-CC3CC68BAE7D}.Release_BIE6_Mono|x64.ActiveCfg = BIE6_Mono|Any CPU
		{B21DBDE3-5D6F-4726-93AB-CC3CC68BAE7D}.Release_BIE6_Mono|x64.Build.0 = BIE6_Mono|Any CPU
		{B21DBDE3-5D6F-4726-93AB-CC3CC68BAE7D}.Release_BIE6_Mono|x86.ActiveCfg = BIE6_Mono|Any CPU
		{B21DBDE3-5D6F-4726-93AB-CC3CC68BAE7D}.Release_BIE6_Mono|x86.Build.0 = BIE6_Mono|Any CPU
		{B21DBDE3-5D6F-4726-93AB-CC3CC68BAE7D}.Release_BIE6_Unity_Mono|Any CPU.ActiveCfg = BIE6_Unity_Mono|Any CPU
		{B21DBDE3-5D6F-4726-93AB-CC3CC68BAE7D}.Release_BIE6_Unity_Mono|Any CPU.Build.0 = BIE6_Unity_Mono|Any CPU
		{B21DBDE3-5D6F-4726-93AB-CC3CC68BAE7D}.Release_BIE6_Unity_Mono|x64.ActiveCfg = BIE6_Unity_Mono|Any CPU
		{B21DBDE3-5D6F-4726-93AB-CC3CC68BAE7D}.Release_BIE6_Unity_Mono|x64.Build.0 = BIE6_Unity_Mono|Any CPU
		{B21DBDE3-5D6F-4726-93AB-CC3CC68BAE7D}.Release_BIE6_Unity_Mono|x86.ActiveCfg = BIE6_Unity_Mono|Any CPU
		{B21DBDE3-5D6F-4726-93AB-CC3CC68BAE7D}.Release_BIE6_Unity_Mono|x86.Build.0 = BIE6_Unity_Mono|Any CPU
		{B21DBDE3-5D6F-4726-93AB-CC3CC68BAE7D}.Release_ML_Cpp_CoreCLR|Any CPU.ActiveCfg = ML_Cpp_CoreCLR|Any CPU
		{B21DBDE3-5D6F-4726-93AB-CC3CC68BAE7D}.Release_ML_Cpp_CoreCLR|Any CPU.Build.0 = ML_Cpp_CoreCLR|Any CPU
		{B21DBDE3-5D6F-4726-93AB-CC3CC68BAE7D}.Release_ML_Cpp_CoreCLR|x64.ActiveCfg = ML_Cpp_CoreCLR|Any CPU
		{B21DBDE3-5D6F-4726-93AB-CC3CC68BAE7D}.Release_ML_Cpp_CoreCLR|x64.Build.0 = ML_Cpp_CoreCLR|Any CPU
		{B21DBDE3-5D6F-4726-93AB-CC3CC68BAE7D}.Release_ML_Cpp_CoreCLR|x86.ActiveCfg = ML_Cpp_CoreCLR|Any CPU
		{B21DBDE3-5D6F-4726-93AB-CC3CC68BAE7D}.Release_ML_Cpp_CoreCLR|x86.Build.0 = ML_Cpp_CoreCLR|Any CPU
		{B21DBDE3-5D6F-4726-93AB-CC3CC68BAE7D}.Release_ML_Cpp_net472|Any CPU.ActiveCfg = ML_Cpp_net472|Any CPU
		{B21DBDE3-5D6F-4726-93AB-CC3CC68BAE7D}.Release_ML_Cpp_net472|Any CPU.Build.0 = ML_Cpp_net472|Any CPU
		{B21DBDE3-5D6F-4726-93AB-CC3CC68BAE7D}.Release_ML_Cpp_net472|x64.ActiveCfg = ML_Cpp_net472|Any CPU
		{B21DBDE3-5D6F-4726-93AB-CC3CC68BAE7D}.Release_ML_Cpp_net472|x64.Build.0 = ML_Cpp_net472|Any CPU
		{B21DBDE3-5D6F-4726-93AB-CC3CC68BAE7D}.Release_ML_Cpp_net472|x86.ActiveCfg = ML_Cpp_net472|Any CPU
		{B21DBDE3-5D6F-4726-93AB-CC3CC68BAE7D}.Release_ML_Cpp_net472|x86.Build.0 = ML_Cpp_net472|Any CPU
		{B21DBDE3-5D6F-4726-93AB-CC3CC68BAE7D}.Release_ML_Cpp_net6preview|Any CPU.ActiveCfg = ML_Cpp_net6|Any CPU
		{B21DBDE3-5D6F-4726-93AB-CC3CC68BAE7D}.Release_ML_Cpp_net6preview|Any CPU.Build.0 = ML_Cpp_net6|Any CPU
		{B21DBDE3-5D6F-4726-93AB-CC3CC68BAE7D}.Release_ML_Cpp_net6preview|x64.ActiveCfg = ML_Cpp_net6|Any CPU
		{B21DBDE3-5D6F-4726-93AB-CC3CC68BAE7D}.Release_ML_Cpp_net6preview|x64.Build.0 = ML_Cpp_net6|Any CPU
		{B21DBDE3-5D6F-4726-93AB-CC3CC68BAE7D}.Release_ML_Cpp_net6preview|x86.ActiveCfg = ML_Cpp_net6|Any CPU
		{B21DBDE3-5D6F-4726-93AB-CC3CC68BAE7D}.Release_ML_Cpp_net6preview|x86.Build.0 = ML_Cpp_net6|Any CPU
		{B21DBDE3-5D6F-4726-93AB-CC3CC68BAE7D}.Release_ML_Mono|Any CPU.ActiveCfg = ML_Mono|Any CPU
		{B21DBDE3-5D6F-4726-93AB-CC3CC68BAE7D}.Release_ML_Mono|Any CPU.Build.0 = ML_Mono|Any CPU
		{B21DBDE3-5D6F-4726-93AB-CC3CC68BAE7D}.Release_ML_Mono|x64.ActiveCfg = ML_Mono|Any CPU
		{B21DBDE3-5D6F-4726-93AB-CC3CC68BAE7D}.Release_ML_Mono|x64.Build.0 = ML_Mono|Any CPU
		{B21DBDE3-5D6F-4726-93AB-CC3CC68BAE7D}.Release_ML_Mono|x86.ActiveCfg = ML_Mono|Any CPU
		{B21DBDE3-5D6F-4726-93AB-CC3CC68BAE7D}.Release_ML_Mono|x86.Build.0 = ML_Mono|Any CPU
		{B21DBDE3-5D6F-4726-93AB-CC3CC68BAE7D}.Release_STANDALONE_Cpp|Any CPU.ActiveCfg = STANDALONE_Cpp|Any CPU
		{B21DBDE3-5D6F-4726-93AB-CC3CC68BAE7D}.Release_STANDALONE_Cpp|Any CPU.Build.0 = STANDALONE_Cpp|Any CPU
		{B21DBDE3-5D6F-4726-93AB-CC3CC68BAE7D}.Release_STANDALONE_Cpp|x64.ActiveCfg = STANDALONE_Cpp|Any CPU
		{B21DBDE3-5D6F-4726-93AB-CC3CC68BAE7D}.Release_STANDALONE_Cpp|x64.Build.0 = STANDALONE_Cpp|Any CPU
		{B21DBDE3-5D6F-4726-93AB-CC3CC68BAE7D}.Release_STANDALONE_Cpp|x86.ActiveCfg = STANDALONE_Cpp|Any CPU
		{B21DBDE3-5D6F-4726-93AB-CC3CC68BAE7D}.Release_STANDALONE_Cpp|x86.Build.0 = STANDALONE_Cpp|Any CPU
		{B21DBDE3-5D6F-4726-93AB-CC3CC68BAE7D}.Release_STANDALONE_Mono|Any CPU.ActiveCfg = STANDALONE_Mono|Any CPU
		{B21DBDE3-5D6F-4726-93AB-CC3CC68BAE7D}.Release_STANDALONE_Mono|Any CPU.Build.0 = STANDALONE_Mono|Any CPU
		{B21DBDE3-5D6F-4726-93AB-CC3CC68BAE7D}.Release_STANDALONE_Mono|x64.ActiveCfg = STANDALONE_Mono|Any CPU
		{B21DBDE3-5D6F-4726-93AB-CC3CC68BAE7D}.Release_STANDALONE_Mono|x64.Build.0 = STANDALONE_Mono|Any CPU
		{B21DBDE3-5D6F-4726-93AB-CC3CC68BAE7D}.Release_STANDALONE_Mono|x86.ActiveCfg = STANDALONE_Mono|Any CPU
		{B21DBDE3-5D6F-4726-93AB-CC3CC68BAE7D}.Release_STANDALONE_Mono|x86.Build.0 = STANDALONE_Mono|Any CPU
		{B21DBDE3-5D6F-4726-93AB-CC3CC68BAE7D}.Release|Any CPU.ActiveCfg = STANDALONE_Mono|Any CPU
		{B21DBDE3-5D6F-4726-93AB-CC3CC68BAE7D}.Release|Any CPU.Build.0 = STANDALONE_Mono|Any CPU
		{B21DBDE3-5D6F-4726-93AB-CC3CC68BAE7D}.Release|x64.ActiveCfg = STANDALONE_Mono|Any CPU
		{B21DBDE3-5D6F-4726-93AB-CC3CC68BAE7D}.Release|x64.Build.0 = STANDALONE_Mono|Any CPU
		{B21DBDE3-5D6F-4726-93AB-CC3CC68BAE7D}.Release|x86.ActiveCfg = STANDALONE_Mono|Any CPU
		{B21DBDE3-5D6F-4726-93AB-CC3CC68BAE7D}.Release|x86.Build.0 = STANDALONE_Mono|Any CPU
		{676E7EC4-E40E-4D59-9587-2E2CD04BC562}.Debug|Any CPU.ActiveCfg = Debug|x64
		{676E7EC4-E40E-4D59-9587-2E2CD04BC562}.Debug|Any CPU.Build.0 = Debug|x64
		{676E7EC4-E40E-4D59-9587-2E2CD04BC562}.Debug|x64.ActiveCfg = Debug|x64
		{676E7EC4-E40E-4D59-9587-2E2CD04BC562}.Debug|x64.Build.0 = Debug|x64
		{676E7EC4-E40E-4D59-9587-2E2CD04BC562}.Debug|x86.ActiveCfg = Debug|Win32
		{676E7EC4-E40E-4D59-9587-2E2CD04BC562}.Debug|x86.Build.0 = Debug|Win32
		{676E7EC4-E40E-4D59-9587-2E2CD04BC562}.Release_BIE_CoreCLR|Any CPU.ActiveCfg = Release|x64
		{676E7EC4-E40E-4D59-9587-2E2CD04BC562}.Release_BIE_CoreCLR|Any CPU.Build.0 = Release|x64
		{676E7EC4-E40E-4D59-9587-2E2CD04BC562}.Release_BIE_CoreCLR|x64.ActiveCfg = Release|x64
		{676E7EC4-E40E-4D59-9587-2E2CD04BC562}.Release_BIE_CoreCLR|x64.Build.0 = Release|x64
		{676E7EC4-E40E-4D59-9587-2E2CD04BC562}.Release_BIE_CoreCLR|x86.ActiveCfg = Release|Win32
		{676E7EC4-E40E-4D59-9587-2E2CD04BC562}.Release_BIE_CoreCLR|x86.Build.0 = Release|Win32
		{676E7EC4-E40E-4D59-9587-2E2CD04BC562}.Release_BIE_Cpp|Any CPU.ActiveCfg = Release|x64
		{676E7EC4-E40E-4D59-9587-2E2CD04BC562}.Release_BIE_Cpp|Any CPU.Build.0 = Release|x64
		{676E7EC4-E40E-4D59-9587-2E2CD04BC562}.Release_BIE_Cpp|x64.ActiveCfg = Release|x64
		{676E7EC4-E40E-4D59-9587-2E2CD04BC562}.Release_BIE_Cpp|x64.Build.0 = Release|x64
		{676E7EC4-E40E-4D59-9587-2E2CD04BC562}.Release_BIE_Cpp|x86.ActiveCfg = Release|Win32
		{676E7EC4-E40E-4D59-9587-2E2CD04BC562}.Release_BIE_Cpp|x86.Build.0 = Release|Win32
		{676E7EC4-E40E-4D59-9587-2E2CD04BC562}.Release_BIE_Unity_Cpp|Any CPU.ActiveCfg = Release|x64
		{676E7EC4-E40E-4D59-9587-2E2CD04BC562}.Release_BIE_Unity_Cpp|Any CPU.Build.0 = Release|x64
		{676E7EC4-E40E-4D59-9587-2E2CD04BC562}.Release_BIE_Unity_Cpp|x64.ActiveCfg = Release|x64
		{676E7EC4-E40E-4D59-9587-2E2CD04BC562}.Release_BIE_Unity_Cpp|x64.Build.0 = Release|x64
		{676E7EC4-E40E-4D59-9587-2E2CD04BC562}.Release_BIE_Unity_Cpp|x86.ActiveCfg = Release|Win32
		{676E7EC4-E40E-4D59-9587-2E2CD04BC562}.Release_BIE_Unity_Cpp|x86.Build.0 = Release|Win32
		{676E7EC4-E40E-4D59-9587-2E2CD04BC562}.Release_BIE5_Mono|Any CPU.ActiveCfg = Release|x64
		{676E7EC4-E40E-4D59-9587-2E2CD04BC562}.Release_BIE5_Mono|Any CPU.Build.0 = Release|x64
		{676E7EC4-E40E-4D59-9587-2E2CD04BC562}.Release_BIE5_Mono|x64.ActiveCfg = Release|x64
		{676E7EC4-E40E-4D59-9587-2E2CD04BC562}.Release_BIE5_Mono|x64.Build.0 = Release|x64
		{676E7EC4-E40E-4D59-9587-2E2CD04BC562}.Release_BIE5_Mono|x86.ActiveCfg = Release|Win32
		{676E7EC4-E40E-4D59-9587-2E2CD04BC562}.Release_BIE5_Mono|x86.Build.0 = Release|Win32
		{676E7EC4-E40E-4D59-9587-2E2CD04BC562}.Release_BIE6_Mono|Any CPU.ActiveCfg = Release|x64
		{676E7EC4-E40E-4D59-9587-2E2CD04BC562}.Release_BIE6_Mono|Any CPU.Build.0 = Release|x64
		{676E7EC4-E40E-4D59-9587-2E2CD04BC562}.Release_BIE6_Mono|x64.ActiveCfg = Release|x64
		{676E7EC4-E40E-4D59-9587-2E2CD04BC562}.Release_BIE6_Mono|x64.Build.0 = Release|x64
		{676E7EC4-E40E-4D59-9587-2E2CD04BC562}.Release_BIE6_Mono|x86.ActiveCfg = Release|Win32
		{676E7EC4-E40E-4D59-9587-2E2CD04BC562}.Release_BIE6_Mono|x86.Build.0 = Release|Win32
		{676E7EC4-E40E-4D59-9587-2E2CD04BC562}.Release_BIE6_Unity_Mono|Any CPU.ActiveCfg = Release|x64
		{676E7EC4-E40E-4D59-9587-2E2CD04BC562}.Release_BIE6_Unity_Mono|Any CPU.Build.0 = Release|x64
		{676E7EC4-E40E-4D59-9587-2E2CD04BC562}.Release_BIE6_Unity_Mono|x64.ActiveCfg = Release|x64
		{676E7EC4-E40E-4D59-9587-2E2CD04BC562}.Release_BIE6_Unity_Mono|x64.Build.0 = Release|x64
		{676E7EC4-E40E-4D59-9587-2E2CD04BC562}.Release_BIE6_Unity_Mono|x86.ActiveCfg = Release|Win32
		{676E7EC4-E40E-4D59-9587-2E2CD04BC562}.Release_BIE6_Unity_Mono|x86.Build.0 = Release|Win32
		{676E7EC4-E40E-4D59-9587-2E2CD04BC562}.Release_ML_Cpp_CoreCLR|Any CPU.ActiveCfg = Release|x64
		{676E7EC4-E40E-4D59-9587-2E2CD04BC562}.Release_ML_Cpp_CoreCLR|Any CPU.Build.0 = Release|x64
		{676E7EC4-E40E-4D59-9587-2E2CD04BC562}.Release_ML_Cpp_CoreCLR|x64.ActiveCfg = Release|x64
		{676E7EC4-E40E-4D59-9587-2E2CD04BC562}.Release_ML_Cpp_CoreCLR|x64.Build.0 = Release|x64
		{676E7EC4-E40E-4D59-9587-2E2CD04BC562}.Release_ML_Cpp_CoreCLR|x86.ActiveCfg = Release|Win32
		{676E7EC4-E40E-4D59-9587-2E2CD04BC562}.Release_ML_Cpp_CoreCLR|x86.Build.0 = Release|Win32
		{676E7EC4-E40E-4D59-9587-2E2CD04BC562}.Release_ML_Cpp_net472|Any CPU.ActiveCfg = Release|x64
		{676E7EC4-E40E-4D59-9587-2E2CD04BC562}.Release_ML_Cpp_net472|Any CPU.Build.0 = Release|x64
		{676E7EC4-E40E-4D59-9587-2E2CD04BC562}.Release_ML_Cpp_net472|x64.ActiveCfg = Release|x64
		{676E7EC4-E40E-4D59-9587-2E2CD04BC562}.Release_ML_Cpp_net472|x64.Build.0 = Release|x64
		{676E7EC4-E40E-4D59-9587-2E2CD04BC562}.Release_ML_Cpp_net472|x86.ActiveCfg = Release|Win32
		{676E7EC4-E40E-4D59-9587-2E2CD04BC562}.Release_ML_Cpp_net472|x86.Build.0 = Release|Win32
		{676E7EC4-E40E-4D59-9587-2E2CD04BC562}.Release_ML_Cpp_net6preview|Any CPU.ActiveCfg = Release|x64
		{676E7EC4-E40E-4D59-9587-2E2CD04BC562}.Release_ML_Cpp_net6preview|Any CPU.Build.0 = Release|x64
		{676E7EC4-E40E-4D59-9587-2E2CD04BC562}.Release_ML_Cpp_net6preview|x64.ActiveCfg = Release|x64
		{676E7EC4-E40E-4D59-9587-2E2CD04BC562}.Release_ML_Cpp_net6preview|x64.Build.0 = Release|x64
		{676E7EC4-E40E-4D59-9587-2E2CD04BC562}.Release_ML_Cpp_net6preview|x86.ActiveCfg = Release|Win32
		{676E7EC4-E40E-4D59-9587-2E2CD04BC562}.Release_ML_Cpp_net6preview|x86.Build.0 = Release|Win32
		{676E7EC4-E40E-4D59-9587-2E2CD04BC562}.Release_ML_Mono|Any CPU.ActiveCfg = Release|x64
		{676E7EC4-E40E-4D59-9587-2E2CD04BC562}.Release_ML_Mono|Any CPU.Build.0 = Release|x64
		{676E7EC4-E40E-4D59-9587-2E2CD04BC562}.Release_ML_Mono|x64.ActiveCfg = Release|x64
		{676E7EC4-E40E-4D59-9587-2E2CD04BC562}.Release_ML_Mono|x64.Build.0 = Release|x64
		{676E7EC4-E40E-4D59-9587-2E2CD04BC562}.Release_ML_Mono|x86.ActiveCfg = Release|Win32
		{676E7EC4-E40E-4D59-9587-2E2CD04BC562}.Release_ML_Mono|x86.Build.0 = Release|Win32
		{676E7EC4-E40E-4D59-9587-2E2CD04BC562}.Release_STANDALONE_Cpp|Any CPU.ActiveCfg = Release|x64
		{676E7EC4-E40E-4D59-9587-2E2CD04BC562}.Release_STANDALONE_Cpp|Any CPU.Build.0 = Release|x64
		{676E7EC4-E40E-4D59-9587-2E2CD04BC562}.Release_STANDALONE_Cpp|x64.ActiveCfg = Release|x64
		{676E7EC4-E40E-4D59-9587-2E2CD04BC562}.Release_STANDALONE_Cpp|x64.Build.0 = Release|x64
		{676E7EC4-E40E-4D59-9587-2E2CD04BC562}.Release_STANDALONE_Cpp|x86.ActiveCfg = Release|Win32
		{676E7EC4-E40E-4D59-9587-2E2CD04BC562}.Release_STANDALONE_Cpp|x86.Build.0 = Release|Win32
		{676E7EC4-E40E-4D59-9587-2E2CD04BC562}.Release_STANDALONE_Mono|Any CPU.ActiveCfg = Release|x64
		{676E7EC4-E40E-4D59-9587-2E2CD04BC562}.Release_STANDALONE_Mono|Any CPU.Build.0 = Release|x64
		{676E7EC4-E40E-4D59-9587-2E2CD04BC562}.Release_STANDALONE_Mono|x64.ActiveCfg = Release|x64
		{676E7EC4-E40E-4D59-9587-2E2CD04BC562}.Release_STANDALONE_Mono|x64.Build.0 = Release|x64
		{676E7EC4-E40E-4D59-9587-2E2CD04BC562}.Release_STANDALONE_Mono|x86.ActiveCfg = Release|Win32
		{676E7EC4-E40E-4D59-9587-2E2CD04BC562}.Release_STANDALONE_Mono|x86.Build.0 = Release|Win32
		{676E7EC4-E40E-4D59-9587-2E2CD04BC562}.Release|Any CPU.ActiveCfg = Release|x64
		{676E7EC4-E40E-4D59-9587-2E2CD04BC562}.Release|Any CPU.Build.0 = Release|x64
		{676E7EC4-E40E-4D59-9587-2E2CD04BC562}.Release|x64.ActiveCfg = Release|x64
		{676E7EC4-E40E-4D59-9587-2E2CD04BC562}.Release|x64.Build.0 = Release|x64
		{676E7EC4-E40E-4D59-9587-2E2CD04BC562}.Release|x86.ActiveCfg = Release|Win32
		{676E7EC4-E40E-4D59-9587-2E2CD04BC562}.Release|x86.Build.0 = Release|Win32
	EndGlobalSection
	GlobalSection(SolutionProperties) = preSolution
		HideSolutionNode = FALSE
	EndGlobalSection
	GlobalSection(ExtensibilityGlobals) = postSolution
		SolutionGuid = {DD5C0A5D-03F1-4CC3-8B4D-E10834908C5A}
	EndGlobalSection
EndGlobal
